
Microsoft Visual Studio Solution File, Format Version 12.00
# Visual Studio 15
VisualStudioVersion = 15.0.27130.2010
MinimumVisualStudioVersion = 10.0.40219.1
Project("{9A19103F-16F7-4668-BE54-9A1E7A4F7556}") = "NovelMate", "Backend\NovelMate.csproj", "{8276169F-D784-4665-B7CA-CF84AB939FF2}"
EndProject
Project("{E53339B2-1760-4266-BCC7-CA923CBCF16C}") = "docker-compose", "docker-compose.dcproj", "{1FF10CDE-6F21-4A73-8DC7-4288CE37315C}"
EndProject
Global
	GlobalSection(SolutionConfigurationPlatforms) = preSolution
		Debug|Any CPU = Debug|Any CPU
		Release|Any CPU = Release|Any CPU
	EndGlobalSection
	GlobalSection(ProjectConfigurationPlatforms) = postSolution
		{8276169F-D784-4665-B7CA-CF84AB939FF2}.Debug|Any CPU.ActiveCfg = Debug|Any CPU
		{8276169F-D784-4665-B7CA-CF84AB939FF2}.Debug|Any CPU.Build.0 = Debug|Any CPU
		{8276169F-D784-4665-B7CA-CF84AB939FF2}.Release|Any CPU.ActiveCfg = Release|Any CPU
		{8276169F-D784-4665-B7CA-CF84AB939FF2}.Release|Any CPU.Build.0 = Release|Any CPU
		{1FF10CDE-6F21-4A73-8DC7-4288CE37315C}.Debug|Any CPU.ActiveCfg = Debug|Any CPU
		{1FF10CDE-6F21-4A73-8DC7-4288CE37315C}.Debug|Any CPU.Build.0 = Debug|Any CPU
		{1FF10CDE-6F21-4A73-8DC7-4288CE37315C}.Release|Any CPU.ActiveCfg = Release|Any CPU
		{1FF10CDE-6F21-4A73-8DC7-4288CE37315C}.Release|Any CPU.Build.0 = Release|Any CPU
	EndGlobalSection
	GlobalSection(SolutionProperties) = preSolution
		HideSolutionNode = FALSE
	EndGlobalSection
	GlobalSection(ExtensibilityGlobals) = postSolution
		SolutionGuid = {B5561B6B-CF86-4327-A15F-4441739B7AF6}
	EndGlobalSection
EndGlobal
